
Microsoft Visual Studio Solution File, Format Version 12.00
# Visual Studio Version 17
VisualStudioVersion = 17.8.34322.80
MinimumVisualStudioVersion = 10.0.40219.1
Project("{FAE04EC0-301F-11D3-BF4B-00C04F79EFBC}") = "Guest_book", "Guest_book\Guest_book.csproj", "{32BB9F5F-9478-4D77-A23F-5F493D47092D}"
EndProject
Global
	GlobalSection(SolutionConfigurationPlatforms) = preSolution
		Debug|Any CPU = Debug|Any CPU
		Release|Any CPU = Release|Any CPU
	EndGlobalSection
	GlobalSection(ProjectConfigurationPlatforms) = postSolution
		{32BB9F5F-9478-4D77-A23F-5F493D47092D}.Debug|Any CPU.ActiveCfg = Debug|Any CPU
		{32BB9F5F-9478-4D77-A23F-5F493D47092D}.Debug|Any CPU.Build.0 = Debug|Any CPU
		{32BB9F5F-9478-4D77-A23F-5F493D47092D}.Release|Any CPU.ActiveCfg = Release|Any CPU
		{32BB9F5F-9478-4D77-A23F-5F493D47092D}.Release|Any CPU.Build.0 = Release|Any CPU
	EndGlobalSection
	GlobalSection(SolutionProperties) = preSolution
		HideSolutionNode = FALSE
	EndGlobalSection
	GlobalSection(ExtensibilityGlobals) = postSolution
		SolutionGuid = {6B791ADE-63DA-4C0E-B851-31CCF4078944}
	EndGlobalSection
EndGlobal
